
Microsoft Visual Studio Solution File, Format Version 12.00
# Visual Studio Version 17
VisualStudioVersion = 17.8.34322.80
MinimumVisualStudioVersion = 10.0.40219.1
Project("{FAE04EC0-301F-11D3-BF4B-00C04F79EFBC}") = "RestServiceTutorial", "RestServiceTutorial\RestServiceTutorial.csproj", "{97A1D44A-B404-45DB-99A5-0293D6ABC5A6}"
EndProject
Global
	GlobalSection(SolutionConfigurationPlatforms) = preSolution
		Debug|Any CPU = Debug|Any CPU
		Release|Any CPU = Release|Any CPU
	EndGlobalSection
	GlobalSection(ProjectConfigurationPlatforms) = postSolution
		{97A1D44A-B404-45DB-99A5-0293D6ABC5A6}.Debug|Any CPU.ActiveCfg = Debug|Any CPU
		{97A1D44A-B404-45DB-99A5-0293D6ABC5A6}.Debug|Any CPU.Build.0 = Debug|Any CPU
		{97A1D44A-B404-45DB-99A5-0293D6ABC5A6}.Release|Any CPU.ActiveCfg = Release|Any CPU
		{97A1D44A-B404-45DB-99A5-0293D6ABC5A6}.Release|Any CPU.Build.0 = Release|Any CPU
	EndGlobalSection
	GlobalSection(SolutionProperties) = preSolution
		HideSolutionNode = FALSE
	EndGlobalSection
	GlobalSection(ExtensibilityGlobals) = postSolution
		SolutionGuid = {72EC83D6-F642-44A9-911E-E5F51847DEDA}
	EndGlobalSection
EndGlobal
